# THIS IS AN AUTOGENERATED FILE. DO NOT EDIT THIS FILE DIRECTLY.
# yarn lockfile v1


react-firebase-hooks@^5.1.1:
  version "5.1.1"
  resolved "https://registry.yarnpkg.com/react-firebase-hooks/-/react-firebase-hooks-5.1.1.tgz#fc92bb4b860c6753c806583f64d7f069b6ee6785"
  integrity sha512-y2UpWs82xs+39q5Rc/wq316ca52QsC0n8m801V+yM4IC4hbfOL4yQPVSh7w+ydstdvjN9F+lvs1WrO2VYxpmdA==
